
Microsoft Visual Studio Solution File, Format Version 12.00
# Visual Studio Version 17
VisualStudioVersion = 17.12.35527.113 d17.12
MinimumVisualStudioVersion = 10.0.40219.1
Project("{2150E333-8FDC-42A3-9474-1A3956D46DE8}") = "src", "src", "{39A4DC53-B497-4959-9C90-1D66383F9408}"
EndProject
Project("{2150E333-8FDC-42A3-9474-1A3956D46DE8}") = "tests", "tests", "{B5D7E974-B5E5-47CB-9EEF-3ABEE6EADC85}"
EndProject
Project("{FAE04EC0-301F-11D3-BF4B-00C04F79EFBC}") = "NotificationService.API", "src\NotificationService.API\NotificationService.API.csproj", "{7DAD7423-B423-45AA-A3A5-D537252D941A}"
EndProject
Project("{FAE04EC0-301F-11D3-BF4B-00C04F79EFBC}") = "NotificationService.Application", "src\NotificationService.Application\NotificationService.Application.csproj", "{FFD37153-8F99-4A41-821A-EDA6DDFDC24D}"
EndProject
Project("{FAE04EC0-301F-11D3-BF4B-00C04F79EFBC}") = "NotificationService.Domain", "src\NotificationService.Domain\NotificationService.Domain.csproj", "{C8FB47C6-307D-4D5C-BA25-6A357FB600EF}"
EndProject
Project("{FAE04EC0-301F-11D3-BF4B-00C04F79EFBC}") = "NotificationService.Infrastructure", "src\NotificationService.Infrastructure\NotificationService.Infrastructure.csproj", "{3A299247-70C3-4BC1-A02E-ECB76DC667D8}"
EndProject
Global
	GlobalSection(SolutionConfigurationPlatforms) = preSolution
		Debug|Any CPU = Debug|Any CPU
		Release|Any CPU = Release|Any CPU
	EndGlobalSection
	GlobalSection(ProjectConfigurationPlatforms) = postSolution
		{7DAD7423-B423-45AA-A3A5-D537252D941A}.Debug|Any CPU.ActiveCfg = Debug|Any CPU
		{7DAD7423-B423-45AA-A3A5-D537252D941A}.Debug|Any CPU.Build.0 = Debug|Any CPU
		{7DAD7423-B423-45AA-A3A5-D537252D941A}.Release|Any CPU.ActiveCfg = Release|Any CPU
		{7DAD7423-B423-45AA-A3A5-D537252D941A}.Release|Any CPU.Build.0 = Release|Any CPU
		{FFD37153-8F99-4A41-821A-EDA6DDFDC24D}.Debug|Any CPU.ActiveCfg = Debug|Any CPU
		{FFD37153-8F99-4A41-821A-EDA6DDFDC24D}.Debug|Any CPU.Build.0 = Debug|Any CPU
		{FFD37153-8F99-4A41-821A-EDA6DDFDC24D}.Release|Any CPU.ActiveCfg = Release|Any CPU
		{FFD37153-8F99-4A41-821A-EDA6DDFDC24D}.Release|Any CPU.Build.0 = Release|Any CPU
		{C8FB47C6-307D-4D5C-BA25-6A357FB600EF}.Debug|Any CPU.ActiveCfg = Debug|Any CPU
		{C8FB47C6-307D-4D5C-BA25-6A357FB600EF}.Debug|Any CPU.Build.0 = Debug|Any CPU
		{C8FB47C6-307D-4D5C-BA25-6A357FB600EF}.Release|Any CPU.ActiveCfg = Release|Any CPU
		{C8FB47C6-307D-4D5C-BA25-6A357FB600EF}.Release|Any CPU.Build.0 = Release|Any CPU
		{3A299247-70C3-4BC1-A02E-ECB76DC667D8}.Debug|Any CPU.ActiveCfg = Debug|Any CPU
		{3A299247-70C3-4BC1-A02E-ECB76DC667D8}.Debug|Any CPU.Build.0 = Debug|Any CPU
		{3A299247-70C3-4BC1-A02E-ECB76DC667D8}.Release|Any CPU.ActiveCfg = Release|Any CPU
		{3A299247-70C3-4BC1-A02E-ECB76DC667D8}.Release|Any CPU.Build.0 = Release|Any CPU
	EndGlobalSection
	GlobalSection(SolutionProperties) = preSolution
		HideSolutionNode = FALSE
	EndGlobalSection
	GlobalSection(NestedProjects) = preSolution
		{7DAD7423-B423-45AA-A3A5-D537252D941A} = {39A4DC53-B497-4959-9C90-1D66383F9408}
		{FFD37153-8F99-4A41-821A-EDA6DDFDC24D} = {39A4DC53-B497-4959-9C90-1D66383F9408}
		{C8FB47C6-307D-4D5C-BA25-6A357FB600EF} = {39A4DC53-B497-4959-9C90-1D66383F9408}
		{3A299247-70C3-4BC1-A02E-ECB76DC667D8} = {39A4DC53-B497-4959-9C90-1D66383F9408}
	EndGlobalSection
EndGlobal
